{
  "name": "ChessSpeak",
  "lockfileVersion": 3,
  "requires": true,
  "packages": {
    "": {
      "dependencies": {
        "@bity/oauth2-auth-code-pkce": "^2.13.0",
        "@types/chrome": "^0.0.251"
      }
    },
    "node_modules/@bity/oauth2-auth-code-pkce": {
      "version": "2.13.0",
      "resolved": "https://registry.npmjs.org/@bity/oauth2-auth-code-pkce/-/oauth2-auth-code-pkce-2.13.0.tgz",
      "integrity": "sha512-jAVsbLIVHvo0Lm6sj2t3ltiLbWKvTlkVflHCiV9DRk1w9FBEOjpJD7OJXkeWBY0Vgr+XiGIm80yJa+sa8XpnWQ=="
    },
    "node_modules/@types/chrome": {
      "version": "0.0.251",
      "resolved": "https://registry.npmjs.org/@types/chrome/-/chrome-0.0.251.tgz",
      "integrity": "sha512-UF+yr0LEKWWGsKxQ5A3XOSF5SNoU1ctW3pXcWJPpT8OOUTEspYeaLU8spDKe+6xalXeMTS0TBrX1g0b6qlWmkw==",
      "dependencies": {
        "@types/filesystem": "*",
        "@types/har-format": "*"
      }
    },
    "node_modules/@types/filesystem": {
      "version": "0.0.34",
      "license": "MIT",
      "dependencies": {
        "@types/filewriter": "*"
      }
    },
    "node_modules/@types/filewriter": {
      "version": "0.0.31",
      "license": "MIT"
    },
    "node_modules/@types/har-format": {
      "version": "1.2.14",
      "license": "MIT"
    }
  }
}
